// !$*UTF8*$!
{
	archiveVersion = 1;
	classes = {
	};
	objectVersion = 46;
	objects = {

/* Begin PBXBuildFile section */
		1D3623260D0F684500981E51 /* MarquetteAppDelegate.m in Sources */ = {isa = PBXBuildFile; fileRef = 1D3623250D0F684500981E51 /* MarquetteAppDelegate.m */; };
		1D60589B0D05DD56006BFB54 /* main.m in Sources */ = {isa = PBXBuildFile; fileRef = 29B97316FDCFA39411CA2CEA /* main.m */; };
		1D60589F0D05DD5A006BFB54 /* Foundation.framework in Frameworks */ = {isa = PBXBuildFile; fileRef = 1D30AB110D05D00D00671497 /* Foundation.framework */; };
		1DF5F4E00D08C38300B7A737 /* UIKit.framework in Frameworks */ = {isa = PBXBuildFile; fileRef = 1DF5F4DF0D08C38300B7A737 /* UIKit.framework */; };
		288765A50DF7441C002DB57D /* CoreGraphics.framework in Frameworks */ = {isa = PBXBuildFile; fileRef = 288765A40DF7441C002DB57D /* CoreGraphics.framework */; };
		2899E5220DE3E06400AC0155 /* MarquetteViewController.xib in Resources */ = {isa = PBXBuildFile; fileRef = 2899E5210DE3E06400AC0155 /* MarquetteViewController.xib */; };
		28AD733F0D9D9553002E5188 /* MainWindow.xib in Resources */ = {isa = PBXBuildFile; fileRef = 28AD733E0D9D9553002E5188 /* MainWindow.xib */; };
		28D7ACF80DDB3853001CB0EB /* MarquetteViewController.m in Sources */ = {isa = PBXBuildFile; fileRef = 28D7ACF70DDB3853001CB0EB /* MarquetteViewController.m */; };
		621B42DE14C303D400265B33 /* logging_mosq.c in Sources */ = {isa = PBXBuildFile; fileRef = 621B42C714C303D400265B33 /* logging_mosq.c */; };
		621B42DF14C303D400265B33 /* memory_mosq.c in Sources */ = {isa = PBXBuildFile; fileRef = 621B42C914C303D400265B33 /* memory_mosq.c */; };
		621B42E014C303D400265B33 /* messages_mosq.c in Sources */ = {isa = PBXBuildFile; fileRef = 621B42CB14C303D400265B33 /* messages_mosq.c */; };
		621B42E114C303D400265B33 /* mosquitto.c in Sources */ = {isa = PBXBuildFile; fileRef = 621B42CD14C303D400265B33 /* mosquitto.c */; };
		621B42E214C303D400265B33 /* net_mosq.c in Sources */ = {isa = PBXBuildFile; fileRef = 621B42D114C303D400265B33 /* net_mosq.c */; };
		621B42E314C303D400265B33 /* read_handle.c in Sources */ = {isa = PBXBuildFile; fileRef = 621B42D314C303D400265B33 /* read_handle.c */; };
		621B42E414C303D400265B33 /* read_handle_client.c in Sources */ = {isa = PBXBuildFile; fileRef = 621B42D514C303D400265B33 /* read_handle_client.c */; };
		621B42E514C303D400265B33 /* read_handle_shared.c in Sources */ = {isa = PBXBuildFile; fileRef = 621B42D614C303D400265B33 /* read_handle_shared.c */; };
		621B42E614C303D400265B33 /* send_client_mosq.c in Sources */ = {isa = PBXBuildFile; fileRef = 621B42D714C303D400265B33 /* send_client_mosq.c */; };
		621B42E714C303D400265B33 /* send_mosq.c in Sources */ = {isa = PBXBuildFile; fileRef = 621B42D814C303D400265B33 /* send_mosq.c */; };
		621B42E814C303D400265B33 /* util_mosq.c in Sources */ = {isa = PBXBuildFile; fileRef = 621B42DA14C303D400265B33 /* util_mosq.c */; };
		621B42E914C303D400265B33 /* will_mosq.c in Sources */ = {isa = PBXBuildFile; fileRef = 621B42DC14C303D400265B33 /* will_mosq.c */; };
		62DA1FBD14C41E2600E65D87 /* MosquittoClient.m in Sources */ = {isa = PBXBuildFile; fileRef = 62DA1FBC14C41E2600E65D87 /* MosquittoClient.m */; };
		62F7DB0714C4CCED000EC631 /* getMacAddress.m in Sources */ = {isa = PBXBuildFile; fileRef = 62F7DB0614C4CCED000EC631 /* getMacAddress.m */; };
/* End PBXBuildFile section */

/* Begin PBXFileReference section */
		1D30AB110D05D00D00671497 /* Foundation.framework */ = {isa = PBXFileReference; lastKnownFileType = wrapper.framework; name = Foundation.framework; path = System/Library/Frameworks/Foundation.framework; sourceTree = SDKROOT; };
		1D3623240D0F684500981E51 /* MarquetteAppDelegate.h */ = {isa = PBXFileReference; fileEncoding = 4; lastKnownFileType = sourcecode.c.h; path = MarquetteAppDelegate.h; sourceTree = "<group>"; };
		1D3623250D0F684500981E51 /* MarquetteAppDelegate.m */ = {isa = PBXFileReference; fileEncoding = 4; lastKnownFileType = sourcecode.c.objc; path = MarquetteAppDelegate.m; sourceTree = "<group>"; };
		1D6058910D05DD3D006BFB54 /* Marquette.app */ = {isa = PBXFileReference; explicitFileType = wrapper.application; includeInIndex = 0; path = Marquette.app; sourceTree = BUILT_PRODUCTS_DIR; };
		1DF5F4DF0D08C38300B7A737 /* UIKit.framework */ = {isa = PBXFileReference; lastKnownFileType = wrapper.framework; name = UIKit.framework; path = System/Library/Frameworks/UIKit.framework; sourceTree = SDKROOT; };
		288765A40DF7441C002DB57D /* CoreGraphics.framework */ = {isa = PBXFileReference; lastKnownFileType = wrapper.framework; name = CoreGraphics.framework; path = System/Library/Frameworks/CoreGraphics.framework; sourceTree = SDKROOT; };
		2899E5210DE3E06400AC0155 /* MarquetteViewController.xib */ = {isa = PBXFileReference; lastKnownFileType = file.xib; path = MarquetteViewController.xib; sourceTree = "<group>"; };
		28AD733E0D9D9553002E5188 /* MainWindow.xib */ = {isa = PBXFileReference; lastKnownFileType = file.xib; path = MainWindow.xib; sourceTree = "<group>"; };
		28D7ACF60DDB3853001CB0EB /* MarquetteViewController.h */ = {isa = PBXFileReference; fileEncoding = 4; lastKnownFileType = sourcecode.c.h; path = MarquetteViewController.h; sourceTree = "<group>"; };
		28D7ACF70DDB3853001CB0EB /* MarquetteViewController.m */ = {isa = PBXFileReference; fileEncoding = 4; lastKnownFileType = sourcecode.c.objc; path = MarquetteViewController.m; sourceTree = "<group>"; };
		29B97316FDCFA39411CA2CEA /* main.m */ = {isa = PBXFileReference; fileEncoding = 4; lastKnownFileType = sourcecode.c.objc; path = main.m; sourceTree = "<group>"; };
		32CA4F630368D1EE00C91783 /* Marquette_Prefix.pch */ = {isa = PBXFileReference; fileEncoding = 4; lastKnownFileType = sourcecode.c.h; path = Marquette_Prefix.pch; sourceTree = "<group>"; };
		621B42C714C303D400265B33 /* logging_mosq.c */ = {isa = PBXFileReference; fileEncoding = 4; lastKnownFileType = sourcecode.c.c; path = logging_mosq.c; sourceTree = "<group>"; };
		621B42C814C303D400265B33 /* logging_mosq.h */ = {isa = PBXFileReference; fileEncoding = 4; lastKnownFileType = sourcecode.c.h; path = logging_mosq.h; sourceTree = "<group>"; };
		621B42C914C303D400265B33 /* memory_mosq.c */ = {isa = PBXFileReference; fileEncoding = 4; lastKnownFileType = sourcecode.c.c; path = memory_mosq.c; sourceTree = "<group>"; };
		621B42CA14C303D400265B33 /* memory_mosq.h */ = {isa = PBXFileReference; fileEncoding = 4; lastKnownFileType = sourcecode.c.h; path = memory_mosq.h; sourceTree = "<group>"; };
		621B42CB14C303D400265B33 /* messages_mosq.c */ = {isa = PBXFileReference; fileEncoding = 4; lastKnownFileType = sourcecode.c.c; path = messages_mosq.c; sourceTree = "<group>"; };
		621B42CC14C303D400265B33 /* messages_mosq.h */ = {isa = PBXFileReference; fileEncoding = 4; lastKnownFileType = sourcecode.c.h; path = messages_mosq.h; sourceTree = "<group>"; };
		621B42CD14C303D400265B33 /* mosquitto.c */ = {isa = PBXFileReference; fileEncoding = 4; lastKnownFileType = sourcecode.c.c; path = mosquitto.c; sourceTree = "<group>"; };
		621B42CE14C303D400265B33 /* mosquitto.h */ = {isa = PBXFileReference; fileEncoding = 4; lastKnownFileType = sourcecode.c.h; path = mosquitto.h; sourceTree = "<group>"; };
		621B42CF14C303D400265B33 /* mosquitto_internal.h */ = {isa = PBXFileReference; fileEncoding = 4; lastKnownFileType = sourcecode.c.h; path = mosquitto_internal.h; sourceTree = "<group>"; };
		621B42D014C303D400265B33 /* mqtt3_protocol.h */ = {isa = PBXFileReference; fileEncoding = 4; lastKnownFileType = sourcecode.c.h; path = mqtt3_protocol.h; sourceTree = "<group>"; };
		621B42D114C303D400265B33 /* net_mosq.c */ = {isa = PBXFileReference; fileEncoding = 4; lastKnownFileType = sourcecode.c.c; path = net_mosq.c; sourceTree = "<group>"; };
		621B42D214C303D400265B33 /* net_mosq.h */ = {isa = PBXFileReference; fileEncoding = 4; lastKnownFileType = sourcecode.c.h; path = net_mosq.h; sourceTree = "<group>"; };
		621B42D314C303D400265B33 /* read_handle.c */ = {isa = PBXFileReference; fileEncoding = 4; lastKnownFileType = sourcecode.c.c; path = read_handle.c; sourceTree = "<group>"; };
		621B42D414C303D400265B33 /* read_handle.h */ = {isa = PBXFileReference; fileEncoding = 4; lastKnownFileType = sourcecode.c.h; path = read_handle.h; sourceTree = "<group>"; };
		621B42D514C303D400265B33 /* read_handle_client.c */ = {isa = PBXFileReference; fileEncoding = 4; lastKnownFileType = sourcecode.c.c; path = read_handle_client.c; sourceTree = "<group>"; };
		621B42D614C303D400265B33 /* read_handle_shared.c */ = {isa = PBXFileReference; fileEncoding = 4; lastKnownFileType = sourcecode.c.c; path = read_handle_shared.c; sourceTree = "<group>"; };
		621B42D714C303D400265B33 /* send_client_mosq.c */ = {isa = PBXFileReference; fileEncoding = 4; lastKnownFileType = sourcecode.c.c; path = send_client_mosq.c; sourceTree = "<group>"; };
		621B42D814C303D400265B33 /* send_mosq.c */ = {isa = PBXFileReference; fileEncoding = 4; lastKnownFileType = sourcecode.c.c; path = send_mosq.c; sourceTree = "<group>"; };
		621B42D914C303D400265B33 /* send_mosq.h */ = {isa = PBXFileReference; fileEncoding = 4; lastKnownFileType = sourcecode.c.h; path = send_mosq.h; sourceTree = "<group>"; };
		621B42DA14C303D400265B33 /* util_mosq.c */ = {isa = PBXFileReference; fileEncoding = 4; lastKnownFileType = sourcecode.c.c; path = util_mosq.c; sourceTree = "<group>"; };
		621B42DB14C303D400265B33 /* util_mosq.h */ = {isa = PBXFileReference; fileEncoding = 4; lastKnownFileType = sourcecode.c.h; path = util_mosq.h; sourceTree = "<group>"; };
		621B42DC14C303D400265B33 /* will_mosq.c */ = {isa = PBXFileReference; fileEncoding = 4; lastKnownFileType = sourcecode.c.c; path = will_mosq.c; sourceTree = "<group>"; };
		621B42DD14C303D400265B33 /* will_mosq.h */ = {isa = PBXFileReference; fileEncoding = 4; lastKnownFileType = sourcecode.c.h; path = will_mosq.h; sourceTree = "<group>"; };
		621B431114C30A2C00265B33 /* mosquitto_config.h */ = {isa = PBXFileReference; fileEncoding = 4; lastKnownFileType = sourcecode.c.h; path = mosquitto_config.h; sourceTree = "<group>"; };
		62DA1FBB14C41E2600E65D87 /* MosquittoClient.h */ = {isa = PBXFileReference; fileEncoding = 4; lastKnownFileType = sourcecode.c.h; path = MosquittoClient.h; sourceTree = "<group>"; };
		62DA1FBC14C41E2600E65D87 /* MosquittoClient.m */ = {isa = PBXFileReference; fileEncoding = 4; lastKnownFileType = sourcecode.c.objc; path = MosquittoClient.m; sourceTree = "<group>"; };
		62F7DB0514C4CCED000EC631 /* getMacAddress.h */ = {isa = PBXFileReference; fileEncoding = 4; lastKnownFileType = sourcecode.c.h; path = getMacAddress.h; sourceTree = "<group>"; };
		62F7DB0614C4CCED000EC631 /* getMacAddress.m */ = {isa = PBXFileReference; fileEncoding = 4; lastKnownFileType = sourcecode.c.objc; path = getMacAddress.m; sourceTree = "<group>"; };
		8D1107310486CEB800E47090 /* Marquette-Info.plist */ = {isa = PBXFileReference; fileEncoding = 4; lastKnownFileType = text.plist.xml; path = "Marquette-Info.plist"; plistStructureDefinitionIdentifier = "com.apple.xcode.plist.structure-definition.iphone.info-plist"; sourceTree = "<group>"; };
/* End PBXFileReference section */

/* Begin PBXFrameworksBuildPhase section */
		1D60588F0D05DD3D006BFB54 /* Frameworks */ = {
			isa = PBXFrameworksBuildPhase;
			buildActionMask = 2147483647;
			files = (
				1D60589F0D05DD5A006BFB54 /* Foundation.framework in Frameworks */,
				1DF5F4E00D08C38300B7A737 /* UIKit.framework in Frameworks */,
				288765A50DF7441C002DB57D /* CoreGraphics.framework in Frameworks */,
			);
			runOnlyForDeploymentPostprocessing = 0;
		};
/* End PBXFrameworksBuildPhase section */

/* Begin PBXGroup section */
		080E96DDFE201D6D7F000001 /* Classes */ = {
			isa = PBXGroup;
			children = (
				1D3623240D0F684500981E51 /* MarquetteAppDelegate.h */,
				1D3623250D0F684500981E51 /* MarquetteAppDelegate.m */,
				28D7ACF60DDB3853001CB0EB /* MarquetteViewController.h */,
				28D7ACF70DDB3853001CB0EB /* MarquetteViewController.m */,
				62DA1FBB14C41E2600E65D87 /* MosquittoClient.h */,
				62DA1FBC14C41E2600E65D87 /* MosquittoClient.m */,
			);
			path = Classes;
			sourceTree = "<group>";
		};
		19C28FACFE9D520D11CA2CBB /* Products */ = {
			isa = PBXGroup;
			children = (
				1D6058910D05DD3D006BFB54 /* Marquette.app */,
			);
			name = Products;
			sourceTree = "<group>";
		};
		29B97314FDCFA39411CA2CEA /* CustomTemplate */ = {
			isa = PBXGroup;
			children = (
				080E96DDFE201D6D7F000001 /* Classes */,
				29B97315FDCFA39411CA2CEA /* Other Sources */,
				621B42C614C303D400265B33 /* libmosquitto */,
				29B97317FDCFA39411CA2CEA /* Resources */,
				29B97323FDCFA39411CA2CEA /* Frameworks */,
				19C28FACFE9D520D11CA2CBB /* Products */,
			);
			name = CustomTemplate;
			sourceTree = "<group>";
		};
		29B97315FDCFA39411CA2CEA /* Other Sources */ = {
			isa = PBXGroup;
			children = (
				62F7DB0514C4CCED000EC631 /* getMacAddress.h */,
				62F7DB0614C4CCED000EC631 /* getMacAddress.m */,
				32CA4F630368D1EE00C91783 /* Marquette_Prefix.pch */,
				29B97316FDCFA39411CA2CEA /* main.m */,
			);
			name = "Other Sources";
			sourceTree = "<group>";
		};
		29B97317FDCFA39411CA2CEA /* Resources */ = {
			isa = PBXGroup;
			children = (
				2899E5210DE3E06400AC0155 /* MarquetteViewController.xib */,
				28AD733E0D9D9553002E5188 /* MainWindow.xib */,
				8D1107310486CEB800E47090 /* Marquette-Info.plist */,
			);
			name = Resources;
			sourceTree = "<group>";
		};
		29B97323FDCFA39411CA2CEA /* Frameworks */ = {
			isa = PBXGroup;
			children = (
				1DF5F4DF0D08C38300B7A737 /* UIKit.framework */,
				1D30AB110D05D00D00671497 /* Foundation.framework */,
				288765A40DF7441C002DB57D /* CoreGraphics.framework */,
			);
			name = Frameworks;
			sourceTree = "<group>";
		};
		621B42C614C303D400265B33 /* libmosquitto */ = {
			isa = PBXGroup;
			children = (
				621B42C714C303D400265B33 /* logging_mosq.c */,
				621B42C814C303D400265B33 /* logging_mosq.h */,
				621B42C914C303D400265B33 /* memory_mosq.c */,
				621B42CA14C303D400265B33 /* memory_mosq.h */,
				621B42CB14C303D400265B33 /* messages_mosq.c */,
				621B42CC14C303D400265B33 /* messages_mosq.h */,
				621B42CD14C303D400265B33 /* mosquitto.c */,
				621B42CE14C303D400265B33 /* mosquitto.h */,
				621B431114C30A2C00265B33 /* mosquitto_config.h */,
				621B42CF14C303D400265B33 /* mosquitto_internal.h */,
				621B42D014C303D400265B33 /* mqtt3_protocol.h */,
				621B42D114C303D400265B33 /* net_mosq.c */,
				621B42D214C303D400265B33 /* net_mosq.h */,
				621B42D314C303D400265B33 /* read_handle.c */,
				621B42D414C303D400265B33 /* read_handle.h */,
				621B42D514C303D400265B33 /* read_handle_client.c */,
				621B42D614C303D400265B33 /* read_handle_shared.c */,
				621B42D714C303D400265B33 /* send_client_mosq.c */,
				621B42D814C303D400265B33 /* send_mosq.c */,
				621B42D914C303D400265B33 /* send_mosq.h */,
				621B42DA14C303D400265B33 /* util_mosq.c */,
				621B42DB14C303D400265B33 /* util_mosq.h */,
				621B42DC14C303D400265B33 /* will_mosq.c */,
				621B42DD14C303D400265B33 /* will_mosq.h */,
			);
			path = libmosquitto;
			sourceTree = "<group>";
		};
/* End PBXGroup section */

/* Begin PBXNativeTarget section */
		1D6058900D05DD3D006BFB54 /* Marquette */ = {
			isa = PBXNativeTarget;
			buildConfigurationList = 1D6058960D05DD3E006BFB54 /* Build configuration list for PBXNativeTarget "Marquette" */;
			buildPhases = (
				1D60588D0D05DD3D006BFB54 /* Resources */,
				1D60588E0D05DD3D006BFB54 /* Sources */,
				1D60588F0D05DD3D006BFB54 /* Frameworks */,
			);
			buildRules = (
			);
			dependencies = (
			);
			name = Marquette;
			productName = Marquette;
			productReference = 1D6058910D05DD3D006BFB54 /* Marquette.app */;
			productType = "com.apple.product-type.application";
		};
/* End PBXNativeTarget section */

/* Begin PBXProject section */
		29B97313FDCFA39411CA2CEA /* Project object */ = {
			isa = PBXProject;
			buildConfigurationList = C01FCF4E08A954540054247B /* Build configuration list for PBXProject "marquette" */;
			compatibilityVersion = "Xcode 3.2";
			developmentRegion = English;
			hasScannedForEncodings = 1;
			knownRegions = (
				English,
				Japanese,
				French,
				German,
			);
			mainGroup = 29B97314FDCFA39411CA2CEA /* CustomTemplate */;
			projectDirPath = "";
			projectRoot = "";
			targets = (
				1D6058900D05DD3D006BFB54 /* Marquette */,
			);
		};
/* End PBXProject section */

/* Begin PBXResourcesBuildPhase section */
		1D60588D0D05DD3D006BFB54 /* Resources */ = {
			isa = PBXResourcesBuildPhase;
			buildActionMask = 2147483647;
			files = (
				28AD733F0D9D9553002E5188 /* MainWindow.xib in Resources */,
				2899E5220DE3E06400AC0155 /* MarquetteViewController.xib in Resources */,
			);
			runOnlyForDeploymentPostprocessing = 0;
		};
/* End PBXResourcesBuildPhase section */

/* Begin PBXSourcesBuildPhase section */
		1D60588E0D05DD3D006BFB54 /* Sources */ = {
			isa = PBXSourcesBuildPhase;
			buildActionMask = 2147483647;
			files = (
				1D60589B0D05DD56006BFB54 /* main.m in Sources */,
				1D3623260D0F684500981E51 /* MarquetteAppDelegate.m in Sources */,
				28D7ACF80DDB3853001CB0EB /* MarquetteViewController.m in Sources */,
				621B42DE14C303D400265B33 /* logging_mosq.c in Sources */,
				621B42DF14C303D400265B33 /* memory_mosq.c in Sources */,
				621B42E014C303D400265B33 /* messages_mosq.c in Sources */,
				621B42E114C303D400265B33 /* mosquitto.c in Sources */,
				621B42E214C303D400265B33 /* net_mosq.c in Sources */,
				621B42E314C303D400265B33 /* read_handle.c in Sources */,
				621B42E414C303D400265B33 /* read_handle_client.c in Sources */,
				621B42E514C303D400265B33 /* read_handle_shared.c in Sources */,
				621B42E614C303D400265B33 /* send_client_mosq.c in Sources */,
				621B42E714C303D400265B33 /* send_mosq.c in Sources */,
				621B42E814C303D400265B33 /* util_mosq.c in Sources */,
				621B42E914C303D400265B33 /* will_mosq.c in Sources */,
				62DA1FBD14C41E2600E65D87 /* MosquittoClient.m in Sources */,
				62F7DB0714C4CCED000EC631 /* getMacAddress.m in Sources */,
			);
			runOnlyForDeploymentPostprocessing = 0;
		};
/* End PBXSourcesBuildPhase section */

/* Begin XCBuildConfiguration section */
		1D6058940D05DD3E006BFB54 /* Debug */ = {
			isa = XCBuildConfiguration;
			buildSettings = {
				ALWAYS_SEARCH_USER_PATHS = NO;
				COPY_PHASE_STRIP = NO;
				GCC_DYNAMIC_NO_PIC = NO;
				GCC_OPTIMIZATION_LEVEL = 0;
				GCC_PRECOMPILE_PREFIX_HEADER = YES;
				GCC_PREFIX_HEADER = Marquette_Prefix.pch;
				HEADER_SEARCH_PATHS = libmosquitto;
				INFOPLIST_FILE = "Marquette-Info.plist";
				PRODUCT_NAME = Marquette;
			};
			name = Debug;
		};
		1D6058950D05DD3E006BFB54 /* Release */ = {
			isa = XCBuildConfiguration;
			buildSettings = {
				ALWAYS_SEARCH_USER_PATHS = NO;
				COPY_PHASE_STRIP = YES;
				GCC_PRECOMPILE_PREFIX_HEADER = YES;
				GCC_PREFIX_HEADER = Marquette_Prefix.pch;
				INFOPLIST_FILE = "Marquette-Info.plist";
				PRODUCT_NAME = Marquette;
				VALIDATE_PRODUCT = YES;
			};
			name = Release;
		};
		C01FCF4F08A954540054247B /* Debug */ = {
			isa = XCBuildConfiguration;
			buildSettings = {
				ARCHS = "$(ARCHS_STANDARD_32_BIT)";
				"CODE_SIGN_IDENTITY[sdk=iphoneos*]" = "iPhone Developer";
				GCC_C_LANGUAGE_STANDARD = c99;
				GCC_WARN_ABOUT_RETURN_TYPE = YES;
				GCC_WARN_UNUSED_VARIABLE = YES;
				PREBINDING = NO;
				SDKROOT = iphoneos;
			};
			name = Debug;
		};
		C01FCF5008A954540054247B /* Release */ = {
			isa = XCBuildConfiguration;
			buildSettings = {
				ARCHS = "$(ARCHS_STANDARD_32_BIT)";
				"CODE_SIGN_IDENTITY[sdk=iphoneos*]" = "iPhone Developer";
				GCC_C_LANGUAGE_STANDARD = c99;
				GCC_WARN_ABOUT_RETURN_TYPE = YES;
				GCC_WARN_UNUSED_VARIABLE = YES;
				OTHER_CFLAGS = "-DNS_BLOCK_ASSERTIONS=1";
				PREBINDING = NO;
				SDKROOT = iphoneos;
			};
			name = Release;
		};
/* End XCBuildConfiguration section */

/* Begin XCConfigurationList section */
		1D6058960D05DD3E006BFB54 /* Build configuration list for PBXNativeTarget "Marquette" */ = {
			isa = XCConfigurationList;
			buildConfigurations = (
				1D6058940D05DD3E006BFB54 /* Debug */,
				1D6058950D05DD3E006BFB54 /* Release */,
			);
			defaultConfigurationIsVisible = 0;
			defaultConfigurationName = Release;
		};
		C01FCF4E08A954540054247B /* Build configuration list for PBXProject "marquette" */ = {
			isa = XCConfigurationList;
			buildConfigurations = (
				C01FCF4F08A954540054247B /* Debug */,
				C01FCF5008A954540054247B /* Release */,
			);
			defaultConfigurationIsVisible = 0;
			defaultConfigurationName = Release;
		};
/* End XCConfigurationList section */
	};
	rootObject = 29B97313FDCFA39411CA2CEA /* Project object */;
}
