// !$*UTF8*$!
{
	archiveVersion = 1;
	classes = {
	};
	objectVersion = 46;
	objects = {

/* Begin PBXBuildFile section */
		1D3623260D0F684500981E51 /* MarquetteAppDelegate.m in Sources */ = {isa = PBXBuildFile; fileRef = 1D3623250D0F684500981E51 /* MarquetteAppDelegate.m */; };
		1D60589B0D05DD56006BFB54 /* main.m in Sources */ = {isa = PBXBuildFile; fileRef = 29B97316FDCFA39411CA2CEA /* main.m */; };
		1D60589F0D05DD5A006BFB54 /* Foundation.framework in Frameworks */ = {isa = PBXBuildFile; fileRef = 1D30AB110D05D00D00671497 /* Foundation.framework */; };
		1DF5F4E00D08C38300B7A737 /* UIKit.framework in Frameworks */ = {isa = PBXBuildFile; fileRef = 1DF5F4DF0D08C38300B7A737 /* UIKit.framework */; };
		288765A50DF7441C002DB57D /* CoreGraphics.framework in Frameworks */ = {isa = PBXBuildFile; fileRef = 288765A40DF7441C002DB57D /* CoreGraphics.framework */; };
		2899E5220DE3E06400AC0155 /* MarquetteViewController.xib in Resources */ = {isa = PBXBuildFile; fileRef = 2899E5210DE3E06400AC0155 /* MarquetteViewController.xib */; };
		28AD733F0D9D9553002E5188 /* MainWindow.xib in Resources */ = {isa = PBXBuildFile; fileRef = 28AD733E0D9D9553002E5188 /* MainWindow.xib */; };
		28D7ACF80DDB3853001CB0EB /* MarquetteViewController.m in Sources */ = {isa = PBXBuildFile; fileRef = 28D7ACF70DDB3853001CB0EB /* MarquetteViewController.m */; };
		62F7DB0714C4CCED000EC631 /* getMacAddress.m in Sources */ = {isa = PBXBuildFile; fileRef = 62F7DB0614C4CCED000EC631 /* getMacAddress.m */; };
		AA3B4C2B164E80760089BCC4 /* MosquittoMessage.m in Sources */ = {isa = PBXBuildFile; fileRef = AA3B4C2A164E80760089BCC4 /* MosquittoMessage.m */; };
		AA64278B16D8A13A005D7C5F /* Default-568h@2x.png in Resources */ = {isa = PBXBuildFile; fileRef = AA64278A16D8A13A005D7C5F /* Default-568h@2x.png */; };
		AA6B0B2A16481437007DC0D9 /* logging_mosq.c in Sources */ = {isa = PBXBuildFile; fileRef = AA6B0B1116481425007DC0D9 /* logging_mosq.c */; };
		AA6B0B2B16481437007DC0D9 /* memory_mosq.c in Sources */ = {isa = PBXBuildFile; fileRef = AA6B0B1216481425007DC0D9 /* memory_mosq.c */; };
		AA6B0B2C16481437007DC0D9 /* messages_mosq.c in Sources */ = {isa = PBXBuildFile; fileRef = AA6B0B1316481425007DC0D9 /* messages_mosq.c */; };
		AA6B0B2D16481437007DC0D9 /* mosquitto.c in Sources */ = {isa = PBXBuildFile; fileRef = AA6B0B1416481425007DC0D9 /* mosquitto.c */; };
		AA6B0B2E16481437007DC0D9 /* net_mosq.c in Sources */ = {isa = PBXBuildFile; fileRef = AA6B0B1516481425007DC0D9 /* net_mosq.c */; };
		AA6B0B2F16481437007DC0D9 /* read_handle_client.c in Sources */ = {isa = PBXBuildFile; fileRef = AA6B0B1616481425007DC0D9 /* read_handle_client.c */; };
		AA6B0B3016481437007DC0D9 /* read_handle_shared.c in Sources */ = {isa = PBXBuildFile; fileRef = AA6B0B1716481425007DC0D9 /* read_handle_shared.c */; };
		AA6B0B3116481437007DC0D9 /* read_handle.c in Sources */ = {isa = PBXBuildFile; fileRef = AA6B0B1816481425007DC0D9 /* read_handle.c */; };
		AA6B0B3216481437007DC0D9 /* send_client_mosq.c in Sources */ = {isa = PBXBuildFile; fileRef = AA6B0B1916481425007DC0D9 /* send_client_mosq.c */; };
		AA6B0B3316481437007DC0D9 /* send_mosq.c in Sources */ = {isa = PBXBuildFile; fileRef = AA6B0B1A16481425007DC0D9 /* send_mosq.c */; };
		AA6B0B3416481437007DC0D9 /* thread_mosq.c in Sources */ = {isa = PBXBuildFile; fileRef = AA6B0B1B16481425007DC0D9 /* thread_mosq.c */; };
		AA6B0B3516481437007DC0D9 /* util_mosq.c in Sources */ = {isa = PBXBuildFile; fileRef = AA6B0B1C16481425007DC0D9 /* util_mosq.c */; };
		AA6B0B3616481437007DC0D9 /* will_mosq.c in Sources */ = {isa = PBXBuildFile; fileRef = AA6B0B1D16481425007DC0D9 /* will_mosq.c */; };
		AA6B0B3A1648147E007DC0D9 /* MosquittoClient.m in Sources */ = {isa = PBXBuildFile; fileRef = AA6B0B391648147E007DC0D9 /* MosquittoClient.m */; };
/* End PBXBuildFile section */

/* Begin PBXFileReference section */
		1D30AB110D05D00D00671497 /* Foundation.framework */ = {isa = PBXFileReference; lastKnownFileType = wrapper.framework; name = Foundation.framework; path = System/Library/Frameworks/Foundation.framework; sourceTree = SDKROOT; };
		1D3623240D0F684500981E51 /* MarquetteAppDelegate.h */ = {isa = PBXFileReference; fileEncoding = 4; lastKnownFileType = sourcecode.c.h; path = MarquetteAppDelegate.h; sourceTree = "<group>"; };
		1D3623250D0F684500981E51 /* MarquetteAppDelegate.m */ = {isa = PBXFileReference; fileEncoding = 4; lastKnownFileType = sourcecode.c.objc; path = MarquetteAppDelegate.m; sourceTree = "<group>"; };
		1D6058910D05DD3D006BFB54 /* Marquette.app */ = {isa = PBXFileReference; explicitFileType = wrapper.application; includeInIndex = 0; path = Marquette.app; sourceTree = BUILT_PRODUCTS_DIR; };
		1DF5F4DF0D08C38300B7A737 /* UIKit.framework */ = {isa = PBXFileReference; lastKnownFileType = wrapper.framework; name = UIKit.framework; path = System/Library/Frameworks/UIKit.framework; sourceTree = SDKROOT; };
		288765A40DF7441C002DB57D /* CoreGraphics.framework */ = {isa = PBXFileReference; lastKnownFileType = wrapper.framework; name = CoreGraphics.framework; path = System/Library/Frameworks/CoreGraphics.framework; sourceTree = SDKROOT; };
		2899E5210DE3E06400AC0155 /* MarquetteViewController.xib */ = {isa = PBXFileReference; lastKnownFileType = file.xib; path = MarquetteViewController.xib; sourceTree = "<group>"; };
		28AD733E0D9D9553002E5188 /* MainWindow.xib */ = {isa = PBXFileReference; lastKnownFileType = file.xib; path = MainWindow.xib; sourceTree = "<group>"; };
		28D7ACF60DDB3853001CB0EB /* MarquetteViewController.h */ = {isa = PBXFileReference; fileEncoding = 4; lastKnownFileType = sourcecode.c.h; path = MarquetteViewController.h; sourceTree = "<group>"; };
		28D7ACF70DDB3853001CB0EB /* MarquetteViewController.m */ = {isa = PBXFileReference; fileEncoding = 4; lastKnownFileType = sourcecode.c.objc; path = MarquetteViewController.m; sourceTree = "<group>"; };
		29B97316FDCFA39411CA2CEA /* main.m */ = {isa = PBXFileReference; fileEncoding = 4; lastKnownFileType = sourcecode.c.objc; path = main.m; sourceTree = "<group>"; };
		32CA4F630368D1EE00C91783 /* Marquette_Prefix.pch */ = {isa = PBXFileReference; fileEncoding = 4; lastKnownFileType = sourcecode.c.h; path = Marquette_Prefix.pch; sourceTree = "<group>"; };
		62F7DB0514C4CCED000EC631 /* getMacAddress.h */ = {isa = PBXFileReference; fileEncoding = 4; lastKnownFileType = sourcecode.c.h; path = getMacAddress.h; sourceTree = "<group>"; };
		62F7DB0614C4CCED000EC631 /* getMacAddress.m */ = {isa = PBXFileReference; fileEncoding = 4; lastKnownFileType = sourcecode.c.objc; path = getMacAddress.m; sourceTree = "<group>"; };
		8D1107310486CEB800E47090 /* Marquette-Info.plist */ = {isa = PBXFileReference; fileEncoding = 4; lastKnownFileType = text.plist.xml; path = "Marquette-Info.plist"; plistStructureDefinitionIdentifier = "com.apple.xcode.plist.structure-definition.iphone.info-plist"; sourceTree = "<group>"; };
		AA3B4C29164E80760089BCC4 /* MosquittoMessage.h */ = {isa = PBXFileReference; fileEncoding = 4; lastKnownFileType = sourcecode.c.h; path = MosquittoMessage.h; sourceTree = "<group>"; };
		AA3B4C2A164E80760089BCC4 /* MosquittoMessage.m */ = {isa = PBXFileReference; fileEncoding = 4; lastKnownFileType = sourcecode.c.objc; path = MosquittoMessage.m; sourceTree = "<group>"; };
		AA64278A16D8A13A005D7C5F /* Default-568h@2x.png */ = {isa = PBXFileReference; lastKnownFileType = image.png; path = "Default-568h@2x.png"; sourceTree = "<group>"; };
		AA6B0B1116481425007DC0D9 /* logging_mosq.c */ = {isa = PBXFileReference; lastKnownFileType = sourcecode.c.c; path = logging_mosq.c; sourceTree = "<group>"; };
		AA6B0B1216481425007DC0D9 /* memory_mosq.c */ = {isa = PBXFileReference; lastKnownFileType = sourcecode.c.c; path = memory_mosq.c; sourceTree = "<group>"; };
		AA6B0B1316481425007DC0D9 /* messages_mosq.c */ = {isa = PBXFileReference; lastKnownFileType = sourcecode.c.c; path = messages_mosq.c; sourceTree = "<group>"; };
		AA6B0B1416481425007DC0D9 /* mosquitto.c */ = {isa = PBXFileReference; lastKnownFileType = sourcecode.c.c; path = mosquitto.c; sourceTree = "<group>"; };
		AA6B0B1516481425007DC0D9 /* net_mosq.c */ = {isa = PBXFileReference; lastKnownFileType = sourcecode.c.c; path = net_mosq.c; sourceTree = "<group>"; };
		AA6B0B1616481425007DC0D9 /* read_handle_client.c */ = {isa = PBXFileReference; lastKnownFileType = sourcecode.c.c; path = read_handle_client.c; sourceTree = "<group>"; };
		AA6B0B1716481425007DC0D9 /* read_handle_shared.c */ = {isa = PBXFileReference; lastKnownFileType = sourcecode.c.c; path = read_handle_shared.c; sourceTree = "<group>"; };
		AA6B0B1816481425007DC0D9 /* read_handle.c */ = {isa = PBXFileReference; lastKnownFileType = sourcecode.c.c; path = read_handle.c; sourceTree = "<group>"; };
		AA6B0B1916481425007DC0D9 /* send_client_mosq.c */ = {isa = PBXFileReference; lastKnownFileType = sourcecode.c.c; path = send_client_mosq.c; sourceTree = "<group>"; };
		AA6B0B1A16481425007DC0D9 /* send_mosq.c */ = {isa = PBXFileReference; lastKnownFileType = sourcecode.c.c; path = send_mosq.c; sourceTree = "<group>"; };
		AA6B0B1B16481425007DC0D9 /* thread_mosq.c */ = {isa = PBXFileReference; lastKnownFileType = sourcecode.c.c; path = thread_mosq.c; sourceTree = "<group>"; };
		AA6B0B1C16481425007DC0D9 /* util_mosq.c */ = {isa = PBXFileReference; lastKnownFileType = sourcecode.c.c; path = util_mosq.c; sourceTree = "<group>"; };
		AA6B0B1D16481425007DC0D9 /* will_mosq.c */ = {isa = PBXFileReference; lastKnownFileType = sourcecode.c.c; path = will_mosq.c; sourceTree = "<group>"; };
		AA6B0B1E16481425007DC0D9 /* dummypthread.h */ = {isa = PBXFileReference; lastKnownFileType = sourcecode.c.h; path = dummypthread.h; sourceTree = "<group>"; };
		AA6B0B1F16481425007DC0D9 /* logging_mosq.h */ = {isa = PBXFileReference; lastKnownFileType = sourcecode.c.h; path = logging_mosq.h; sourceTree = "<group>"; };
		AA6B0B2016481425007DC0D9 /* memory_mosq.h */ = {isa = PBXFileReference; lastKnownFileType = sourcecode.c.h; path = memory_mosq.h; sourceTree = "<group>"; };
		AA6B0B2116481425007DC0D9 /* messages_mosq.h */ = {isa = PBXFileReference; lastKnownFileType = sourcecode.c.h; path = messages_mosq.h; sourceTree = "<group>"; };
		AA6B0B2216481425007DC0D9 /* mosquitto_internal.h */ = {isa = PBXFileReference; lastKnownFileType = sourcecode.c.h; path = mosquitto_internal.h; sourceTree = "<group>"; };
		AA6B0B2316481425007DC0D9 /* mosquitto.h */ = {isa = PBXFileReference; lastKnownFileType = sourcecode.c.h; path = mosquitto.h; sourceTree = "<group>"; };
		AA6B0B2416481425007DC0D9 /* mqtt3_protocol.h */ = {isa = PBXFileReference; lastKnownFileType = sourcecode.c.h; path = mqtt3_protocol.h; sourceTree = "<group>"; };
		AA6B0B2516481425007DC0D9 /* net_mosq.h */ = {isa = PBXFileReference; lastKnownFileType = sourcecode.c.h; path = net_mosq.h; sourceTree = "<group>"; };
		AA6B0B2616481425007DC0D9 /* read_handle.h */ = {isa = PBXFileReference; lastKnownFileType = sourcecode.c.h; path = read_handle.h; sourceTree = "<group>"; };
		AA6B0B2716481425007DC0D9 /* send_mosq.h */ = {isa = PBXFileReference; lastKnownFileType = sourcecode.c.h; path = send_mosq.h; sourceTree = "<group>"; };
		AA6B0B2816481425007DC0D9 /* util_mosq.h */ = {isa = PBXFileReference; lastKnownFileType = sourcecode.c.h; path = util_mosq.h; sourceTree = "<group>"; };
		AA6B0B2916481425007DC0D9 /* will_mosq.h */ = {isa = PBXFileReference; lastKnownFileType = sourcecode.c.h; path = will_mosq.h; sourceTree = "<group>"; };
		AA6B0B3716481454007DC0D9 /* config.h */ = {isa = PBXFileReference; fileEncoding = 4; lastKnownFileType = sourcecode.c.h; path = config.h; sourceTree = "<group>"; };
		AA6B0B381648147E007DC0D9 /* MosquittoClient.h */ = {isa = PBXFileReference; fileEncoding = 4; lastKnownFileType = sourcecode.c.h; path = MosquittoClient.h; sourceTree = "<group>"; };
		AA6B0B391648147E007DC0D9 /* MosquittoClient.m */ = {isa = PBXFileReference; fileEncoding = 4; lastKnownFileType = sourcecode.c.objc; path = MosquittoClient.m; sourceTree = "<group>"; };
/* End PBXFileReference section */

/* Begin PBXFrameworksBuildPhase section */
		1D60588F0D05DD3D006BFB54 /* Frameworks */ = {
			isa = PBXFrameworksBuildPhase;
			buildActionMask = 2147483647;
			files = (
				1D60589F0D05DD5A006BFB54 /* Foundation.framework in Frameworks */,
				1DF5F4E00D08C38300B7A737 /* UIKit.framework in Frameworks */,
				288765A50DF7441C002DB57D /* CoreGraphics.framework in Frameworks */,
			);
			runOnlyForDeploymentPostprocessing = 0;
		};
/* End PBXFrameworksBuildPhase section */

/* Begin PBXGroup section */
		080E96DDFE201D6D7F000001 /* Classes */ = {
			isa = PBXGroup;
			children = (
				1D3623240D0F684500981E51 /* MarquetteAppDelegate.h */,
				1D3623250D0F684500981E51 /* MarquetteAppDelegate.m */,
				28D7ACF60DDB3853001CB0EB /* MarquetteViewController.h */,
				28D7ACF70DDB3853001CB0EB /* MarquetteViewController.m */,
				AA6B0B381648147E007DC0D9 /* MosquittoClient.h */,
				AA6B0B391648147E007DC0D9 /* MosquittoClient.m */,
				AA3B4C29164E80760089BCC4 /* MosquittoMessage.h */,
				AA3B4C2A164E80760089BCC4 /* MosquittoMessage.m */,
			);
			path = Classes;
			sourceTree = "<group>";
		};
		19C28FACFE9D520D11CA2CBB /* Products */ = {
			isa = PBXGroup;
			children = (
				1D6058910D05DD3D006BFB54 /* Marquette.app */,
			);
			name = Products;
			sourceTree = "<group>";
		};
		29B97314FDCFA39411CA2CEA /* CustomTemplate */ = {
			isa = PBXGroup;
			children = (
				080E96DDFE201D6D7F000001 /* Classes */,
				29B97315FDCFA39411CA2CEA /* Other Sources */,
				621B42C614C303D400265B33 /* libmosquitto */,
				29B97317FDCFA39411CA2CEA /* Resources */,
				29B97323FDCFA39411CA2CEA /* Frameworks */,
				19C28FACFE9D520D11CA2CBB /* Products */,
			);
			name = CustomTemplate;
			sourceTree = "<group>";
		};
		29B97315FDCFA39411CA2CEA /* Other Sources */ = {
			isa = PBXGroup;
			children = (
				62F7DB0514C4CCED000EC631 /* getMacAddress.h */,
				62F7DB0614C4CCED000EC631 /* getMacAddress.m */,
				32CA4F630368D1EE00C91783 /* Marquette_Prefix.pch */,
				29B97316FDCFA39411CA2CEA /* main.m */,
			);
			name = "Other Sources";
			sourceTree = "<group>";
		};
		29B97317FDCFA39411CA2CEA /* Resources */ = {
			isa = PBXGroup;
			children = (
				2899E5210DE3E06400AC0155 /* MarquetteViewController.xib */,
				28AD733E0D9D9553002E5188 /* MainWindow.xib */,
				8D1107310486CEB800E47090 /* Marquette-Info.plist */,
				AA64278A16D8A13A005D7C5F /* Default-568h@2x.png */,
			);
			name = Resources;
			sourceTree = "<group>";
		};
		29B97323FDCFA39411CA2CEA /* Frameworks */ = {
			isa = PBXGroup;
			children = (
				1DF5F4DF0D08C38300B7A737 /* UIKit.framework */,
				1D30AB110D05D00D00671497 /* Foundation.framework */,
				288765A40DF7441C002DB57D /* CoreGraphics.framework */,
			);
			name = Frameworks;
			sourceTree = "<group>";
		};
		621B42C614C303D400265B33 /* libmosquitto */ = {
			isa = PBXGroup;
			children = (
				AA6B0B3716481454007DC0D9 /* config.h */,
				AA6B0B1116481425007DC0D9 /* logging_mosq.c */,
				AA6B0B1216481425007DC0D9 /* memory_mosq.c */,
				AA6B0B1316481425007DC0D9 /* messages_mosq.c */,
				AA6B0B1416481425007DC0D9 /* mosquitto.c */,
				AA6B0B1516481425007DC0D9 /* net_mosq.c */,
				AA6B0B1616481425007DC0D9 /* read_handle_client.c */,
				AA6B0B1716481425007DC0D9 /* read_handle_shared.c */,
				AA6B0B1816481425007DC0D9 /* read_handle.c */,
				AA6B0B1916481425007DC0D9 /* send_client_mosq.c */,
				AA6B0B1A16481425007DC0D9 /* send_mosq.c */,
				AA6B0B1B16481425007DC0D9 /* thread_mosq.c */,
				AA6B0B1C16481425007DC0D9 /* util_mosq.c */,
				AA6B0B1D16481425007DC0D9 /* will_mosq.c */,
				AA6B0B1E16481425007DC0D9 /* dummypthread.h */,
				AA6B0B1F16481425007DC0D9 /* logging_mosq.h */,
				AA6B0B2016481425007DC0D9 /* memory_mosq.h */,
				AA6B0B2116481425007DC0D9 /* messages_mosq.h */,
				AA6B0B2216481425007DC0D9 /* mosquitto_internal.h */,
				AA6B0B2316481425007DC0D9 /* mosquitto.h */,
				AA6B0B2416481425007DC0D9 /* mqtt3_protocol.h */,
				AA6B0B2516481425007DC0D9 /* net_mosq.h */,
				AA6B0B2616481425007DC0D9 /* read_handle.h */,
				AA6B0B2716481425007DC0D9 /* send_mosq.h */,
				AA6B0B2816481425007DC0D9 /* util_mosq.h */,
				AA6B0B2916481425007DC0D9 /* will_mosq.h */,
			);
			path = libmosquitto;
			sourceTree = "<group>";
		};
/* End PBXGroup section */

/* Begin PBXNativeTarget section */
		1D6058900D05DD3D006BFB54 /* Marquette */ = {
			isa = PBXNativeTarget;
			buildConfigurationList = 1D6058960D05DD3E006BFB54 /* Build configuration list for PBXNativeTarget "Marquette" */;
			buildPhases = (
				1D60588D0D05DD3D006BFB54 /* Resources */,
				1D60588E0D05DD3D006BFB54 /* Sources */,
				1D60588F0D05DD3D006BFB54 /* Frameworks */,
			);
			buildRules = (
			);
			dependencies = (
			);
			name = Marquette;
			productName = Marquette;
			productReference = 1D6058910D05DD3D006BFB54 /* Marquette.app */;
			productType = "com.apple.product-type.application";
		};
/* End PBXNativeTarget section */

/* Begin PBXProject section */
		29B97313FDCFA39411CA2CEA /* Project object */ = {
			isa = PBXProject;
			attributes = {
				LastUpgradeCheck = 0450;
			};
			buildConfigurationList = C01FCF4E08A954540054247B /* Build configuration list for PBXProject "Marquette" */;
			compatibilityVersion = "Xcode 3.2";
			developmentRegion = English;
			hasScannedForEncodings = 1;
			knownRegions = (
				English,
				Japanese,
				French,
				German,
			);
			mainGroup = 29B97314FDCFA39411CA2CEA /* CustomTemplate */;
			projectDirPath = "";
			projectRoot = "";
			targets = (
				1D6058900D05DD3D006BFB54 /* Marquette */,
			);
		};
/* End PBXProject section */

/* Begin PBXResourcesBuildPhase section */
		1D60588D0D05DD3D006BFB54 /* Resources */ = {
			isa = PBXResourcesBuildPhase;
			buildActionMask = 2147483647;
			files = (
				28AD733F0D9D9553002E5188 /* MainWindow.xib in Resources */,
				2899E5220DE3E06400AC0155 /* MarquetteViewController.xib in Resources */,
				AA64278B16D8A13A005D7C5F /* Default-568h@2x.png in Resources */,
			);
			runOnlyForDeploymentPostprocessing = 0;
		};
/* End PBXResourcesBuildPhase section */

/* Begin PBXSourcesBuildPhase section */
		1D60588E0D05DD3D006BFB54 /* Sources */ = {
			isa = PBXSourcesBuildPhase;
			buildActionMask = 2147483647;
			files = (
				1D60589B0D05DD56006BFB54 /* main.m in Sources */,
				1D3623260D0F684500981E51 /* MarquetteAppDelegate.m in Sources */,
				28D7ACF80DDB3853001CB0EB /* MarquetteViewController.m in Sources */,
				62F7DB0714C4CCED000EC631 /* getMacAddress.m in Sources */,
				AA6B0B2A16481437007DC0D9 /* logging_mosq.c in Sources */,
				AA6B0B2B16481437007DC0D9 /* memory_mosq.c in Sources */,
				AA6B0B2C16481437007DC0D9 /* messages_mosq.c in Sources */,
				AA6B0B2D16481437007DC0D9 /* mosquitto.c in Sources */,
				AA6B0B2E16481437007DC0D9 /* net_mosq.c in Sources */,
				AA6B0B2F16481437007DC0D9 /* read_handle_client.c in Sources */,
				AA6B0B3016481437007DC0D9 /* read_handle_shared.c in Sources */,
				AA6B0B3116481437007DC0D9 /* read_handle.c in Sources */,
				AA6B0B3216481437007DC0D9 /* send_client_mosq.c in Sources */,
				AA6B0B3316481437007DC0D9 /* send_mosq.c in Sources */,
				AA6B0B3416481437007DC0D9 /* thread_mosq.c in Sources */,
				AA6B0B3516481437007DC0D9 /* util_mosq.c in Sources */,
				AA6B0B3616481437007DC0D9 /* will_mosq.c in Sources */,
				AA6B0B3A1648147E007DC0D9 /* MosquittoClient.m in Sources */,
				AA3B4C2B164E80760089BCC4 /* MosquittoMessage.m in Sources */,
			);
			runOnlyForDeploymentPostprocessing = 0;
		};
/* End PBXSourcesBuildPhase section */

/* Begin XCBuildConfiguration section */
		1D6058940D05DD3E006BFB54 /* Debug */ = {
			isa = XCBuildConfiguration;
			buildSettings = {
				ALWAYS_SEARCH_USER_PATHS = NO;
				COPY_PHASE_STRIP = NO;
				GCC_DYNAMIC_NO_PIC = NO;
				GCC_OPTIMIZATION_LEVEL = 0;
				GCC_PRECOMPILE_PREFIX_HEADER = YES;
				GCC_PREFIX_HEADER = Marquette_Prefix.pch;
				HEADER_SEARCH_PATHS = libmosquitto;
				INFOPLIST_FILE = "Marquette-Info.plist";
				IPHONEOS_DEPLOYMENT_TARGET = 5.1;
				PRODUCT_NAME = Marquette;
			};
			name = Debug;
		};
		1D6058950D05DD3E006BFB54 /* Release */ = {
			isa = XCBuildConfiguration;
			buildSettings = {
				ALWAYS_SEARCH_USER_PATHS = NO;
				COPY_PHASE_STRIP = YES;
				GCC_PRECOMPILE_PREFIX_HEADER = YES;
				GCC_PREFIX_HEADER = Marquette_Prefix.pch;
				HEADER_SEARCH_PATHS = libmosquitto;
				INFOPLIST_FILE = "Marquette-Info.plist";
				IPHONEOS_DEPLOYMENT_TARGET = 5.1;
				PRODUCT_NAME = Marquette;
				VALIDATE_PRODUCT = YES;
			};
			name = Release;
		};
		C01FCF4F08A954540054247B /* Debug */ = {
			isa = XCBuildConfiguration;
			buildSettings = {
				ARCHS = "$(ARCHS_STANDARD_32_BIT)";
				"CODE_SIGN_IDENTITY[sdk=iphoneos*]" = "iPhone Developer";
				GCC_C_LANGUAGE_STANDARD = c99;
				GCC_WARN_ABOUT_RETURN_TYPE = YES;
				GCC_WARN_UNUSED_VARIABLE = YES;
				IPHONEOS_DEPLOYMENT_TARGET = 5.1;
				SDKROOT = iphoneos;
			};
			name = Debug;
		};
		C01FCF5008A954540054247B /* Release */ = {
			isa = XCBuildConfiguration;
			buildSettings = {
				ARCHS = "$(ARCHS_STANDARD_32_BIT)";
				"CODE_SIGN_IDENTITY[sdk=iphoneos*]" = "iPhone Developer";
				GCC_C_LANGUAGE_STANDARD = c99;
				GCC_WARN_ABOUT_RETURN_TYPE = YES;
				GCC_WARN_UNUSED_VARIABLE = YES;
				IPHONEOS_DEPLOYMENT_TARGET = 5.1;
				OTHER_CFLAGS = "-DNS_BLOCK_ASSERTIONS=1";
				SDKROOT = iphoneos;
			};
			name = Release;
		};
/* End XCBuildConfiguration section */

/* Begin XCConfigurationList section */
		1D6058960D05DD3E006BFB54 /* Build configuration list for PBXNativeTarget "Marquette" */ = {
			isa = XCConfigurationList;
			buildConfigurations = (
				1D6058940D05DD3E006BFB54 /* Debug */,
				1D6058950D05DD3E006BFB54 /* Release */,
			);
			defaultConfigurationIsVisible = 0;
			defaultConfigurationName = Release;
		};
		C01FCF4E08A954540054247B /* Build configuration list for PBXProject "Marquette" */ = {
			isa = XCConfigurationList;
			buildConfigurations = (
				C01FCF4F08A954540054247B /* Debug */,
				C01FCF5008A954540054247B /* Release */,
			);
			defaultConfigurationIsVisible = 0;
			defaultConfigurationName = Release;
		};
/* End XCConfigurationList section */
	};
	rootObject = 29B97313FDCFA39411CA2CEA /* Project object */;
}
